{
  "name": "portal_change_subscription",
  "version": "1.0.0",
  "lockfileVersion": 2,
  "requires": true,
  "packages": {
    "": {
      "version": "1.0.0",
      "license": "ISC",
      "dependencies": {
        "chargebee": "^2.6.5",
        "q": "^1.5.1"
      }
    },
    "node_modules/chargebee": {
      "version": "2.6.5",
      "dependencies": {
        "q": ">=1.0.1"
      },
      "engines": {
        "node": ">=0.6.0"
      }
    },
    "node_modules/q": {
      "version": "1.5.1",
      "license": "MIT",
      "engines": {
        "node": ">=0.6.0",
        "teleport": ">=0.2.0"
      }
    }
  },
  "dependencies": {
    "chargebee": {
      "version": "2.6.5",
      "requires": {
        "q": ">=1.0.1"
      }
    },
    "q": {
      "version": "1.5.1"
    }
  }
}
